{
  "name": "xcss-tutorial",
  "version": "0.0.0",
  "lockfileVersion": 3,
  "requires": true,
  "packages": {
    "": {
      "name": "xcss-tutorial",
      "version": "0.0.0",
      "license": "MIT",
      "devDependencies": {
        "xcss-scaffold": "latest"
      }
    },
    "node_modules/xcss-central": {
      "version": "0.0.15",
      "resolved": "https://registry.npmjs.org/xcss-central/-/xcss-central-0.0.15.tgz",
      "integrity": "sha512-NUvu4RrK1MDTFTJLcUL5Cg2/d8sZRSFw3rV2Gp1Eyl+DrkN+xV1FdoBwcMHhak2TenpKXPWcTVQtWKiyqO5Wpw==",
      "dev": true,
      "hasInstallScript": true,
      "license": "MIT",
      "bin": {
        "xcss": "execute/index.js",
        "xdev": "compiler/scripts/live.sh"
      },
      "funding": {
        "type": "github",
        "url": "https://github.com/sponsors/yshelldev"
      }
    },
    "node_modules/xcss-scaffold": {
      "version": "0.0.15",
      "resolved": "https://registry.npmjs.org/xcss-scaffold/-/xcss-scaffold-0.0.15.tgz",
      "integrity": "sha512-6NLDoVkoKgybJBy1qWbtLIpn5f+kqz2enctgDpU1uISMmiFPBU5qewidCgZWXgOdNRIAe/7kWNHJvilc2lCFEg==",
      "dev": true,
      "license": "MIT",
      "dependencies": {
        "xcss-central": "latest"
      },
      "funding": {
        "type": "github",
        "url": "https://github.com/sponsors/yshelldev"
      }
    }
  }
}